
Microsoft Visual Studio Solution File, Format Version 12.00
Project("{FAE04EC0-301F-11D3-BF4B-00C04F79EFBC}") = "Excercise01", "Excercise01\Excercise01.csproj", "{062946A6-CAD1-412C-823F-B2CFFB48280B}"
EndProject
Global
	GlobalSection(SolutionConfigurationPlatforms) = preSolution
		Debug|Any CPU = Debug|Any CPU
		Release|Any CPU = Release|Any CPU
	EndGlobalSection
	GlobalSection(ProjectConfigurationPlatforms) = postSolution
		{062946A6-CAD1-412C-823F-B2CFFB48280B}.Debug|Any CPU.ActiveCfg = Debug|Any CPU
		{062946A6-CAD1-412C-823F-B2CFFB48280B}.Debug|Any CPU.Build.0 = Debug|Any CPU
		{062946A6-CAD1-412C-823F-B2CFFB48280B}.Release|Any CPU.ActiveCfg = Release|Any CPU
		{062946A6-CAD1-412C-823F-B2CFFB48280B}.Release|Any CPU.Build.0 = Release|Any CPU
	EndGlobalSection
EndGlobal
