
Microsoft Visual Studio Solution File, Format Version 12.00
# Visual Studio Version 16
VisualStudioVersion = 16.0.29609.76
MinimumVisualStudioVersion = 10.0.40219.1
Project("{FAE04EC0-301F-11D3-BF4B-00C04F79EFBC}") = "BaseLib", "..\BaseLib\BaseLib.csproj", "{7EA6BC71-A723-460B-A6BB-81CAFA7AB6F3}"
EndProject
Project("{9A19103F-16F7-4668-BE54-9A1E7A4F7556}") = "Excercise02", "Excercise02.csproj", "{C880E14F-EB3F-4966-A045-86D02F043470}"
	ProjectSection(ProjectDependencies) = postProject
		{7EA6BC71-A723-460B-A6BB-81CAFA7AB6F3} = {7EA6BC71-A723-460B-A6BB-81CAFA7AB6F3}
	EndProjectSection
EndProject
Global
	GlobalSection(SolutionConfigurationPlatforms) = preSolution
		Debug|Any CPU = Debug|Any CPU
		Release|Any CPU = Release|Any CPU
	EndGlobalSection
	GlobalSection(ProjectConfigurationPlatforms) = postSolution
		{7EA6BC71-A723-460B-A6BB-81CAFA7AB6F3}.Debug|Any CPU.ActiveCfg = Debug|Any CPU
		{7EA6BC71-A723-460B-A6BB-81CAFA7AB6F3}.Debug|Any CPU.Build.0 = Debug|Any CPU
		{7EA6BC71-A723-460B-A6BB-81CAFA7AB6F3}.Release|Any CPU.ActiveCfg = Release|Any CPU
		{7EA6BC71-A723-460B-A6BB-81CAFA7AB6F3}.Release|Any CPU.Build.0 = Release|Any CPU
		{C880E14F-EB3F-4966-A045-86D02F043470}.Debug|Any CPU.ActiveCfg = Debug|Any CPU
		{C880E14F-EB3F-4966-A045-86D02F043470}.Debug|Any CPU.Build.0 = Debug|Any CPU
		{C880E14F-EB3F-4966-A045-86D02F043470}.Release|Any CPU.ActiveCfg = Release|Any CPU
		{C880E14F-EB3F-4966-A045-86D02F043470}.Release|Any CPU.Build.0 = Release|Any CPU
	EndGlobalSection
	GlobalSection(SolutionProperties) = preSolution
		HideSolutionNode = FALSE
	EndGlobalSection
	GlobalSection(ExtensibilityGlobals) = postSolution
		SolutionGuid = {AB2B9755-5A36-4C2E-8FF1-7E75C285E446}
	EndGlobalSection
EndGlobal
